
Microsoft Visual Studio Solution File, Format Version 12.00
# Visual Studio Version 17
VisualStudioVersion = 17.5.33424.131
MinimumVisualStudioVersion = 10.0.40219.1
Project("{9A19103F-16F7-4668-BE54-9A1E7A4F7556}") = "Xphyrus.AuthAPI", "Xphyrus.AuthAPI\Xphyrus.AuthAPI.csproj", "{63B8A180-071D-4A31-88A3-8B3889E5A00E}"
EndProject
Project("{9A19103F-16F7-4668-BE54-9A1E7A4F7556}") = "Xphyrus.SubmissionAPI", "Xphyrus.SubmissionAPI\Xphyrus.SubmissionAPI.csproj", "{44EB117B-90FF-4336-ABD9-2DE3289F21F7}"
EndProject
Project("{9A19103F-16F7-4668-BE54-9A1E7A4F7556}") = "Xphyrus.NexusAPI", "Xphyrus.NexusAPI\Xphyrus.NexusAPI.csproj", "{33725DF4-5CD4-48AA-937C-FB581137D374}"
EndProject
Project("{9A19103F-16F7-4668-BE54-9A1E7A4F7556}") = "Xphyrus.MessageBus", "Xphyrus.MessageBus\Xphyrus.MessageBus.csproj", "{B707DB23-09A5-4490-8008-30CBCDE72064}"
EndProject
Project("{9A19103F-16F7-4668-BE54-9A1E7A4F7556}") = "Xphyrus.EvaluationAPI", "Xphyrus.EvaluationAPI\Xphyrus.EvaluationAPI.csproj", "{E7AEE0C1-BFD6-42BA-BC7F-F9A6A5523D44}"
EndProject
Project("{9A19103F-16F7-4668-BE54-9A1E7A4F7556}") = "Xphyrus.EmailAPI", "Xphyrus.EmailAPI\Xphyrus.EmailAPI.csproj", "{924C5990-214E-4E73-8075-B9A820FD30AF}"
EndProject
Global
	GlobalSection(SolutionConfigurationPlatforms) = preSolution
		Debug|Any CPU = Debug|Any CPU
		Release|Any CPU = Release|Any CPU
	EndGlobalSection
	GlobalSection(ProjectConfigurationPlatforms) = postSolution
		{63B8A180-071D-4A31-88A3-8B3889E5A00E}.Debug|Any CPU.ActiveCfg = Debug|Any CPU
		{63B8A180-071D-4A31-88A3-8B3889E5A00E}.Debug|Any CPU.Build.0 = Debug|Any CPU
		{63B8A180-071D-4A31-88A3-8B3889E5A00E}.Release|Any CPU.ActiveCfg = Release|Any CPU
		{63B8A180-071D-4A31-88A3-8B3889E5A00E}.Release|Any CPU.Build.0 = Release|Any CPU
		{44EB117B-90FF-4336-ABD9-2DE3289F21F7}.Debug|Any CPU.ActiveCfg = Debug|Any CPU
		{44EB117B-90FF-4336-ABD9-2DE3289F21F7}.Debug|Any CPU.Build.0 = Debug|Any CPU
		{44EB117B-90FF-4336-ABD9-2DE3289F21F7}.Release|Any CPU.ActiveCfg = Release|Any CPU
		{44EB117B-90FF-4336-ABD9-2DE3289F21F7}.Release|Any CPU.Build.0 = Release|Any CPU
		{33725DF4-5CD4-48AA-937C-FB581137D374}.Debug|Any CPU.ActiveCfg = Debug|Any CPU
		{33725DF4-5CD4-48AA-937C-FB581137D374}.Debug|Any CPU.Build.0 = Debug|Any CPU
		{33725DF4-5CD4-48AA-937C-FB581137D374}.Release|Any CPU.ActiveCfg = Release|Any CPU
		{33725DF4-5CD4-48AA-937C-FB581137D374}.Release|Any CPU.Build.0 = Release|Any CPU
		{B707DB23-09A5-4490-8008-30CBCDE72064}.Debug|Any CPU.ActiveCfg = Debug|Any CPU
		{B707DB23-09A5-4490-8008-30CBCDE72064}.Debug|Any CPU.Build.0 = Debug|Any CPU
		{B707DB23-09A5-4490-8008-30CBCDE72064}.Release|Any CPU.ActiveCfg = Release|Any CPU
		{B707DB23-09A5-4490-8008-30CBCDE72064}.Release|Any CPU.Build.0 = Release|Any CPU
		{E7AEE0C1-BFD6-42BA-BC7F-F9A6A5523D44}.Debug|Any CPU.ActiveCfg = Debug|Any CPU
		{E7AEE0C1-BFD6-42BA-BC7F-F9A6A5523D44}.Debug|Any CPU.Build.0 = Debug|Any CPU
		{E7AEE0C1-BFD6-42BA-BC7F-F9A6A5523D44}.Release|Any CPU.ActiveCfg = Release|Any CPU
		{E7AEE0C1-BFD6-42BA-BC7F-F9A6A5523D44}.Release|Any CPU.Build.0 = Release|Any CPU
		{924C5990-214E-4E73-8075-B9A820FD30AF}.Debug|Any CPU.ActiveCfg = Debug|Any CPU
		{924C5990-214E-4E73-8075-B9A820FD30AF}.Debug|Any CPU.Build.0 = Debug|Any CPU
		{924C5990-214E-4E73-8075-B9A820FD30AF}.Release|Any CPU.ActiveCfg = Release|Any CPU
		{924C5990-214E-4E73-8075-B9A820FD30AF}.Release|Any CPU.Build.0 = Release|Any CPU
	EndGlobalSection
	GlobalSection(SolutionProperties) = preSolution
		HideSolutionNode = FALSE
	EndGlobalSection
	GlobalSection(ExtensibilityGlobals) = postSolution
		SolutionGuid = {F407FA8D-CD10-4817-82CD-2AA5D1417A21}
	EndGlobalSection
EndGlobal
